<?xml version="1.0" encoding="utf-8"?>
<Project ToolsVersion="4.0" xmlns="http://schemas.microsoft.com/developer/msbuild/2003">
  <ItemGroup>
    <Filter Include="리소스 파일">
      <UniqueIdentifier>{67DA6AB6-F800-4c08-8B7A-83BB121AAD01}</UniqueIdentifier>
      <Extensions>rc;ico;cur;bmp;dlg;rc2;rct;bin;rgs;gif;jpg;jpeg;jpe;resx;tiff;tif;png;wav;mfcribbon-ms</Extensions>
    </Filter>
    <Filter Include="Content">
      <UniqueIdentifier>{ba225e74-c6e8-461b-afdb-9c9fe1ffc347}</UniqueIdentifier>
    </Filter>
    <Filter Include="Core">
      <UniqueIdentifier>{5508b672-65a7-4912-abf7-0869e5776ee7}</UniqueIdentifier>
    </Filter>
    <Filter Include="Pch">
      <UniqueIdentifier>{694773e3-18fc-4671-ba6f-1376966cef08}</UniqueIdentifier>
    </Filter>
  </ItemGroup>
  <ItemGroup>
    <ClCompile Include="pch.cpp">
      <Filter>Pch</Filter>
    </ClCompile>
    <ClCompile Include="Room.cpp">
      <Filter>Content</Filter>
    </ClCompile>
    <ClCompile Include="Packets.cpp">
      <Filter>Core</Filter>
    </ClCompile>
    <ClCompile Include="ClientPacketHandler.cpp">
      <Filter>Core</Filter>
    </ClCompile>
    <ClCompile Include="GameSession.cpp">
      <Filter>Core</Filter>
    </ClCompile>
    <ClCompile Include="GameSessionManager.cpp">
      <Filter>Core</Filter>
    </ClCompile>
    <ClCompile Include="TetrisServer.cpp">
      <Filter>Core</Filter>
    </ClCompile>
  </ItemGroup>
  <ItemGroup>
    <ClInclude Include="pch.h">
      <Filter>Pch</Filter>
    </ClInclude>
    <ClInclude Include="Room.h">
      <Filter>Content</Filter>
    </ClInclude>
    <ClInclude Include="Packets.h">
      <Filter>Core</Filter>
    </ClInclude>
    <ClInclude Include="ClientPacketHandler.h">
      <Filter>Core</Filter>
    </ClInclude>
    <ClInclude Include="GameSession.h">
      <Filter>Core</Filter>
    </ClInclude>
    <ClInclude Include="GameSessionManager.h">
      <Filter>Core</Filter>
    </ClInclude>
  </ItemGroup>
</Project>